# This file is automatically @generated by Cargo.
# It is not intended for manual editing.
version = 4

[[package]]
name = "corroded-rs"
version = "0.2.0"
dependencies = [
 "lde",
 "libc",
]

[[package]]
name = "corroded-testimonials"
version = "0.1.0"
dependencies = [
 "corroded-rs",
]

[[package]]
name = "lde"
version = "0.3.0"
source = "registry+https://github.com/rust-lang/crates.io-index"
checksum = "7094800262acbe78630f1fd9725c45e3da32655d1b9652b852fc84a913e3d4da"

[[package]]
name = "libc"
version = "0.2.178"
source = "registry+https://github.com/rust-lang/crates.io-index"
checksum = "37c93d8daa9d8a012fd8ab92f088405fb202ea0b6ab73ee2482ae66af4f42091"
